{
  "name": "node-pdu",
  "version": "1.0.15",
  "lockfileVersion": 1,
  "requires": true,
  "dependencies": {
    "sprintf": {
      "version": "0.1.5",
      "resolved": "https://registry.npmjs.org/sprintf/-/sprintf-0.1.5.tgz",
      "integrity": "sha512-4X5KsuXFQ7f+d7Y+bi4qSb6eI+YoifDTGr0MQJXRoYO7BO7evfRCjds6kk3z7l5CiJYxgDN1x5Er4WiyCt+zTQ=="
    }
  }
}
